// !$*UTF8*$!
{
	archiveVersion = 1;
	classes = {
	};
	objectVersion = 46;
	objects = {

/* Begin PBXBuildFile section */
		319861781CB5ECD300342F86 /* AppDelegate.swift in Sources */ = {isa = PBXBuildFile; fileRef = 319861771CB5ECD300342F86 /* AppDelegate.swift */; };
		3198617A1CB5ECD300342F86 /* ViewController.swift in Sources */ = {isa = PBXBuildFile; fileRef = 319861791CB5ECD300342F86 /* ViewController.swift */; };
		3198617D1CB5ECD300342F86 /* Main.storyboard in Resources */ = {isa = PBXBuildFile; fileRef = 3198617B1CB5ECD300342F86 /* Main.storyboard */; };
		3198617F1CB5ECD300342F86 /* Assets.xcassets in Resources */ = {isa = PBXBuildFile; fileRef = 3198617E1CB5ECD300342F86 /* Assets.xcassets */; };
		319861821CB5ECD300342F86 /* LaunchScreen.storyboard in Resources */ = {isa = PBXBuildFile; fileRef = 319861801CB5ECD300342F86 /* LaunchScreen.storyboard */; };
		3198618D1CB5ECD300342F86 /* tapperTests.swift in Sources */ = {isa = PBXBuildFile; fileRef = 3198618C1CB5ECD300342F86 /* tapperTests.swift */; };
		319861981CB5ECD300342F86 /* tapperUITests.swift in Sources */ = {isa = PBXBuildFile; fileRef = 319861971CB5ECD300342F86 /* tapperUITests.swift */; };
/* End PBXBuildFile section */

/* Begin PBXContainerItemProxy section */
		319861891CB5ECD300342F86 /* PBXContainerItemProxy */ = {
			isa = PBXContainerItemProxy;
			containerPortal = 3198616C1CB5ECD300342F86 /* Project object */;
			proxyType = 1;
			remoteGlobalIDString = 319861731CB5ECD300342F86;
			remoteInfo = tapper;
		};
		319861941CB5ECD300342F86 /* PBXContainerItemProxy */ = {
			isa = PBXContainerItemProxy;
			containerPortal = 3198616C1CB5ECD300342F86 /* Project object */;
			proxyType = 1;
			remoteGlobalIDString = 319861731CB5ECD300342F86;
			remoteInfo = tapper;
		};
/* End PBXContainerItemProxy section */

/* Begin PBXFileReference section */
		319861741CB5ECD300342F86 /* tapper.app */ = {isa = PBXFileReference; explicitFileType = wrapper.application; includeInIndex = 0; path = tapper.app; sourceTree = BUILT_PRODUCTS_DIR; };
		319861771CB5ECD300342F86 /* AppDelegate.swift */ = {isa = PBXFileReference; lastKnownFileType = sourcecode.swift; path = AppDelegate.swift; sourceTree = "<group>"; };
		319861791CB5ECD300342F86 /* ViewController.swift */ = {isa = PBXFileReference; lastKnownFileType = sourcecode.swift; path = ViewController.swift; sourceTree = "<group>"; };
		3198617C1CB5ECD300342F86 /* Base */ = {isa = PBXFileReference; lastKnownFileType = file.storyboard; name = Base; path = Base.lproj/Main.storyboard; sourceTree = "<group>"; };
		3198617E1CB5ECD300342F86 /* Assets.xcassets */ = {isa = PBXFileReference; lastKnownFileType = folder.assetcatalog; path = Assets.xcassets; sourceTree = "<group>"; };
		319861811CB5ECD300342F86 /* Base */ = {isa = PBXFileReference; lastKnownFileType = file.storyboard; name = Base; path = Base.lproj/LaunchScreen.storyboard; sourceTree = "<group>"; };
		319861831CB5ECD300342F86 /* Info.plist */ = {isa = PBXFileReference; lastKnownFileType = text.plist.xml; path = Info.plist; sourceTree = "<group>"; };
		319861881CB5ECD300342F86 /* tapperTests.xctest */ = {isa = PBXFileReference; explicitFileType = wrapper.cfbundle; includeInIndex = 0; path = tapperTests.xctest; sourceTree = BUILT_PRODUCTS_DIR; };
		3198618C1CB5ECD300342F86 /* tapperTests.swift */ = {isa = PBXFileReference; lastKnownFileType = sourcecode.swift; path = tapperTests.swift; sourceTree = "<group>"; };
		3198618E1CB5ECD300342F86 /* Info.plist */ = {isa = PBXFileReference; lastKnownFileType = text.plist.xml; path = Info.plist; sourceTree = "<group>"; };
		319861931CB5ECD300342F86 /* tapperUITests.xctest */ = {isa = PBXFileReference; explicitFileType = wrapper.cfbundle; includeInIndex = 0; path = tapperUITests.xctest; sourceTree = BUILT_PRODUCTS_DIR; };
		319861971CB5ECD300342F86 /* tapperUITests.swift */ = {isa = PBXFileReference; lastKnownFileType = sourcecode.swift; path = tapperUITests.swift; sourceTree = "<group>"; };
		319861991CB5ECD300342F86 /* Info.plist */ = {isa = PBXFileReference; lastKnownFileType = text.plist.xml; path = Info.plist; sourceTree = "<group>"; };
/* End PBXFileReference section */

/* Begin PBXFrameworksBuildPhase section */
		319861711CB5ECD300342F86 /* Frameworks */ = {
			isa = PBXFrameworksBuildPhase;
			buildActionMask = 2147483647;
			files = (
			);
			runOnlyForDeploymentPostprocessing = 0;
		};
		319861851CB5ECD300342F86 /* Frameworks */ = {
			isa = PBXFrameworksBuildPhase;
			buildActionMask = 2147483647;
			files = (
			);
			runOnlyForDeploymentPostprocessing = 0;
		};
		319861901CB5ECD300342F86 /* Frameworks */ = {
			isa = PBXFrameworksBuildPhase;
			buildActionMask = 2147483647;
			files = (
			);
			runOnlyForDeploymentPostprocessing = 0;
		};
/* End PBXFrameworksBuildPhase section */

/* Begin PBXGroup section */
		3198616B1CB5ECD300342F86 = {
			isa = PBXGroup;
			children = (
				319861761CB5ECD300342F86 /* tapper */,
				3198618B1CB5ECD300342F86 /* tapperTests */,
				319861961CB5ECD300342F86 /* tapperUITests */,
				319861751CB5ECD300342F86 /* Products */,
			);
			sourceTree = "<group>";
		};
		319861751CB5ECD300342F86 /* Products */ = {
			isa = PBXGroup;
			children = (
				319861741CB5ECD300342F86 /* tapper.app */,
				319861881CB5ECD300342F86 /* tapperTests.xctest */,
				319861931CB5ECD300342F86 /* tapperUITests.xctest */,
			);
			name = Products;
			sourceTree = "<group>";
		};
		319861761CB5ECD300342F86 /* tapper */ = {
			isa = PBXGroup;
			children = (
				319861771CB5ECD300342F86 /* AppDelegate.swift */,
				319861791CB5ECD300342F86 /* ViewController.swift */,
				3198617B1CB5ECD300342F86 /* Main.storyboard */,
				3198617E1CB5ECD300342F86 /* Assets.xcassets */,
				319861801CB5ECD300342F86 /* LaunchScreen.storyboard */,
				319861831CB5ECD300342F86 /* Info.plist */,
			);
			path = tapper;
			sourceTree = "<group>";
		};
		3198618B1CB5ECD300342F86 /* tapperTests */ = {
			isa = PBXGroup;
			children = (
				3198618C1CB5ECD300342F86 /* tapperTests.swift */,
				3198618E1CB5ECD300342F86 /* Info.plist */,
			);
			path = tapperTests;
			sourceTree = "<group>";
		};
		319861961CB5ECD300342F86 /* tapperUITests */ = {
			isa = PBXGroup;
			children = (
				319861971CB5ECD300342F86 /* tapperUITests.swift */,
				319861991CB5ECD300342F86 /* Info.plist */,
			);
			path = tapperUITests;
			sourceTree = "<group>";
		};
/* End PBXGroup section */

/* Begin PBXNativeTarget section */
		319861731CB5ECD300342F86 /* tapper */ = {
			isa = PBXNativeTarget;
			buildConfigurationList = 3198619C1CB5ECD300342F86 /* Build configuration list for PBXNativeTarget "tapper" */;
			buildPhases = (
				319861701CB5ECD300342F86 /* Sources */,
				319861711CB5ECD300342F86 /* Frameworks */,
				319861721CB5ECD300342F86 /* Resources */,
			);
			buildRules = (
			);
			dependencies = (
			);
			name = tapper;
			productName = tapper;
			productReference = 319861741CB5ECD300342F86 /* tapper.app */;
			productType = "com.apple.product-type.application";
		};
		319861871CB5ECD300342F86 /* tapperTests */ = {
			isa = PBXNativeTarget;
			buildConfigurationList = 3198619F1CB5ECD300342F86 /* Build configuration list for PBXNativeTarget "tapperTests" */;
			buildPhases = (
				319861841CB5ECD300342F86 /* Sources */,
				319861851CB5ECD300342F86 /* Frameworks */,
				319861861CB5ECD300342F86 /* Resources */,
			);
			buildRules = (
			);
			dependencies = (
				3198618A1CB5ECD300342F86 /* PBXTargetDependency */,
			);
			name = tapperTests;
			productName = tapperTests;
			productReference = 319861881CB5ECD300342F86 /* tapperTests.xctest */;
			productType = "com.apple.product-type.bundle.unit-test";
		};
		319861921CB5ECD300342F86 /* tapperUITests */ = {
			isa = PBXNativeTarget;
			buildConfigurationList = 319861A21CB5ECD300342F86 /* Build configuration list for PBXNativeTarget "tapperUITests" */;
			buildPhases = (
				3198618F1CB5ECD300342F86 /* Sources */,
				319861901CB5ECD300342F86 /* Frameworks */,
				319861911CB5ECD300342F86 /* Resources */,
			);
			buildRules = (
			);
			dependencies = (
				319861951CB5ECD300342F86 /* PBXTargetDependency */,
			);
			name = tapperUITests;
			productName = tapperUITests;
			productReference = 319861931CB5ECD300342F86 /* tapperUITests.xctest */;
			productType = "com.apple.product-type.bundle.ui-testing";
		};
/* End PBXNativeTarget section */

/* Begin PBXProject section */
		3198616C1CB5ECD300342F86 /* Project object */ = {
			isa = PBXProject;
			attributes = {
				LastSwiftUpdateCheck = 0720;
				LastUpgradeCheck = 0720;
				ORGANIZATIONNAME = ShadowZz;
				TargetAttributes = {
					319861731CB5ECD300342F86 = {
						CreatedOnToolsVersion = 7.2;
					};
					319861871CB5ECD300342F86 = {
						CreatedOnToolsVersion = 7.2;
						TestTargetID = 319861731CB5ECD300342F86;
					};
					319861921CB5ECD300342F86 = {
						CreatedOnToolsVersion = 7.2;
						TestTargetID = 319861731CB5ECD300342F86;
					};
				};
			};
			buildConfigurationList = 3198616F1CB5ECD300342F86 /* Build configuration list for PBXProject "tapper" */;
			compatibilityVersion = "Xcode 3.2";
			developmentRegion = English;
			hasScannedForEncodings = 0;
			knownRegions = (
				en,
				Base,
			);
			mainGroup = 3198616B1CB5ECD300342F86;
			productRefGroup = 319861751CB5ECD300342F86 /* Products */;
			projectDirPath = "";
			projectRoot = "";
			targets = (
				319861731CB5ECD300342F86 /* tapper */,
				319861871CB5ECD300342F86 /* tapperTests */,
				319861921CB5ECD300342F86 /* tapperUITests */,
			);
		};
/* End PBXProject section */

/* Begin PBXResourcesBuildPhase section */
		319861721CB5ECD300342F86 /* Resources */ = {
			isa = PBXResourcesBuildPhase;
			buildActionMask = 2147483647;
			files = (
				319861821CB5ECD300342F86 /* LaunchScreen.storyboard in Resources */,
				3198617F1CB5ECD300342F86 /* Assets.xcassets in Resources */,
				3198617D1CB5ECD300342F86 /* Main.storyboard in Resources */,
			);
			runOnlyForDeploymentPostprocessing = 0;
		};
		319861861CB5ECD300342F86 /* Resources */ = {
			isa = PBXResourcesBuildPhase;
			buildActionMask = 2147483647;
			files = (
			);
			runOnlyForDeploymentPostprocessing = 0;
		};
		319861911CB5ECD300342F86 /* Resources */ = {
			isa = PBXResourcesBuildPhase;
			buildActionMask = 2147483647;
			files = (
			);
			runOnlyForDeploymentPostprocessing = 0;
		};
/* End PBXResourcesBuildPhase section */

/* Begin PBXSourcesBuildPhase section */
		319861701CB5ECD300342F86 /* Sources */ = {
			isa = PBXSourcesBuildPhase;
			buildActionMask = 2147483647;
			files = (
				3198617A1CB5ECD300342F86 /* ViewController.swift in Sources */,
				319861781CB5ECD300342F86 /* AppDelegate.swift in Sources */,
			);
			runOnlyForDeploymentPostprocessing = 0;
		};
		319861841CB5ECD300342F86 /* Sources */ = {
			isa = PBXSourcesBuildPhase;
			buildActionMask = 2147483647;
			files = (
				3198618D1CB5ECD300342F86 /* tapperTests.swift in Sources */,
			);
			runOnlyForDeploymentPostprocessing = 0;
		};
		3198618F1CB5ECD300342F86 /* Sources */ = {
			isa = PBXSourcesBuildPhase;
			buildActionMask = 2147483647;
			files = (
				319861981CB5ECD300342F86 /* tapperUITests.swift in Sources */,
			);
			runOnlyForDeploymentPostprocessing = 0;
		};
/* End PBXSourcesBuildPhase section */

/* Begin PBXTargetDependency section */
		3198618A1CB5ECD300342F86 /* PBXTargetDependency */ = {
			isa = PBXTargetDependency;
			target = 319861731CB5ECD300342F86 /* tapper */;
			targetProxy = 319861891CB5ECD300342F86 /* PBXContainerItemProxy */;
		};
		319861951CB5ECD300342F86 /* PBXTargetDependency */ = {
			isa = PBXTargetDependency;
			target = 319861731CB5ECD300342F86 /* tapper */;
			targetProxy = 319861941CB5ECD300342F86 /* PBXContainerItemProxy */;
		};
/* End PBXTargetDependency section */

/* Begin PBXVariantGroup section */
		3198617B1CB5ECD300342F86 /* Main.storyboard */ = {
			isa = PBXVariantGroup;
			children = (
				3198617C1CB5ECD300342F86 /* Base */,
			);
			name = Main.storyboard;
			sourceTree = "<group>";
		};
		319861801CB5ECD300342F86 /* LaunchScreen.storyboard */ = {
			isa = PBXVariantGroup;
			children = (
				319861811CB5ECD300342F86 /* Base */,
			);
			name = LaunchScreen.storyboard;
			sourceTree = "<group>";
		};
/* End PBXVariantGroup section */

/* Begin XCBuildConfiguration section */
		3198619A1CB5ECD300342F86 /* Debug */ = {
			isa = XCBuildConfiguration;
			buildSettings = {
				ALWAYS_SEARCH_USER_PATHS = NO;
				CLANG_CXX_LANGUAGE_STANDARD = "gnu++0x";
				CLANG_CXX_LIBRARY = "libc++";
				CLANG_ENABLE_MODULES = YES;
				CLANG_ENABLE_OBJC_ARC = YES;
				CLANG_WARN_BOOL_CONVERSION = YES;
				CLANG_WARN_CONSTANT_CONVERSION = YES;
				CLANG_WARN_DIRECT_OBJC_ISA_USAGE = YES_ERROR;
				CLANG_WARN_EMPTY_BODY = YES;
				CLANG_WARN_ENUM_CONVERSION = YES;
				CLANG_WARN_INT_CONVERSION = YES;
				CLANG_WARN_OBJC_ROOT_CLASS = YES_ERROR;
				CLANG_WARN_UNREACHABLE_CODE = YES;
				CLANG_WARN__DUPLICATE_METHOD_MATCH = YES;
				"CODE_SIGN_IDENTITY[sdk=iphoneos*]" = "iPhone Developer";
				COPY_PHASE_STRIP = NO;
				DEBUG_INFORMATION_FORMAT = dwarf;
				ENABLE_STRICT_OBJC_MSGSEND = YES;
				ENABLE_TESTABILITY = YES;
				GCC_C_LANGUAGE_STANDARD = gnu99;
				GCC_DYNAMIC_NO_PIC = NO;
				GCC_NO_COMMON_BLOCKS = YES;
				GCC_OPTIMIZATION_LEVEL = 0;
				GCC_PREPROCESSOR_DEFINITIONS = (
					"DEBUG=1",
					"$(inherited)",
				);
				GCC_WARN_64_TO_32_BIT_CONVERSION = YES;
				GCC_WARN_ABOUT_RETURN_TYPE = YES_ERROR;
				GCC_WARN_UNDECLARED_SELECTOR = YES;
				GCC_WARN_UNINITIALIZED_AUTOS = YES_AGGRESSIVE;
				GCC_WARN_UNUSED_FUNCTION = YES;
				GCC_WARN_UNUSED_VARIABLE = YES;
				IPHONEOS_DEPLOYMENT_TARGET = 9.2;
				MTL_ENABLE_DEBUG_INFO = YES;
				ONLY_ACTIVE_ARCH = YES;
				SDKROOT = iphoneos;
				SWIFT_OPTIMIZATION_LEVEL = "-Onone";
			};
			name = Debug;
		};
		3198619B1CB5ECD300342F86 /* Release */ = {
			isa = XCBuildConfiguration;
			buildSettings = {
				ALWAYS_SEARCH_USER_PATHS = NO;
				CLANG_CXX_LANGUAGE_STANDARD = "gnu++0x";
				CLANG_CXX_LIBRARY = "libc++";
				CLANG_ENABLE_MODULES = YES;
				CLANG_ENABLE_OBJC_ARC = YES;
				CLANG_WARN_BOOL_CONVERSION = YES;
				CLANG_WARN_CONSTANT_CONVERSION = YES;
				CLANG_WARN_DIRECT_OBJC_ISA_USAGE = YES_ERROR;
				CLANG_WARN_EMPTY_BODY = YES;
				CLANG_WARN_ENUM_CONVERSION = YES;
				CLANG_WARN_INT_CONVERSION = YES;
				CLANG_WARN_OBJC_ROOT_CLASS = YES_ERROR;
				CLANG_WARN_UNREACHABLE_CODE = YES;
				CLANG_WARN__DUPLICATE_METHOD_MATCH = YES;
				"CODE_SIGN_IDENTITY[sdk=iphoneos*]" = "iPhone Developer";
				COPY_PHASE_STRIP = NO;
				DEBUG_INFORMATION_FORMAT = "dwarf-with-dsym";
				ENABLE_NS_ASSERTIONS = NO;
				ENABLE_STRICT_OBJC_MSGSEND = YES;
				GCC_C_LANGUAGE_STANDARD = gnu99;
				GCC_NO_COMMON_BLOCKS = YES;
				GCC_WARN_64_TO_32_BIT_CONVERSION = YES;
				GCC_WARN_ABOUT_RETURN_TYPE = YES_ERROR;
				GCC_WARN_UNDECLARED_SELECTOR = YES;
				GCC_WARN_UNINITIALIZED_AUTOS = YES_AGGRESSIVE;
				GCC_WARN_UNUSED_FUNCTION = YES;
				GCC_WARN_UNUSED_VARIABLE = YES;
				IPHONEOS_DEPLOYMENT_TARGET = 9.2;
				MTL_ENABLE_DEBUG_INFO = NO;
				SDKROOT = iphoneos;
				VALIDATE_PRODUCT = YES;
			};
			name = Release;
		};
		3198619D1CB5ECD300342F86 /* Debug */ = {
			isa = XCBuildConfiguration;
			buildSettings = {
				ASSETCATALOG_COMPILER_APPICON_NAME = AppIcon;
				INFOPLIST_FILE = tapper/Info.plist;
				LD_RUNPATH_SEARCH_PATHS = "$(inherited) @executable_path/Frameworks";
				PRODUCT_BUNDLE_IDENTIFIER = edu.hofstra.Yardley.tapper;
				PRODUCT_NAME = "$(TARGET_NAME)";
			};
			name = Debug;
		};
		3198619E1CB5ECD300342F86 /* Release */ = {
			isa = XCBuildConfiguration;
			buildSettings = {
				ASSETCATALOG_COMPILER_APPICON_NAME = AppIcon;
				INFOPLIST_FILE = tapper/Info.plist;
				LD_RUNPATH_SEARCH_PATHS = "$(inherited) @executable_path/Frameworks";
				PRODUCT_BUNDLE_IDENTIFIER = edu.hofstra.Yardley.tapper;
				PRODUCT_NAME = "$(TARGET_NAME)";
			};
			name = Release;
		};
		319861A01CB5ECD300342F86 /* Debug */ = {
			isa = XCBuildConfiguration;
			buildSettings = {
				BUNDLE_LOADER = "$(TEST_HOST)";
				INFOPLIST_FILE = tapperTests/Info.plist;
				LD_RUNPATH_SEARCH_PATHS = "$(inherited) @executable_path/Frameworks @loader_path/Frameworks";
				PRODUCT_BUNDLE_IDENTIFIER = edu.hofstra.Yardley.tapperTests;
				PRODUCT_NAME = "$(TARGET_NAME)";
				TEST_HOST = "$(BUILT_PRODUCTS_DIR)/tapper.app/tapper";
			};
			name = Debug;
		};
		319861A11CB5ECD300342F86 /* Release */ = {
			isa = XCBuildConfiguration;
			buildSettings = {
				BUNDLE_LOADER = "$(TEST_HOST)";
				INFOPLIST_FILE = tapperTests/Info.plist;
				LD_RUNPATH_SEARCH_PATHS = "$(inherited) @executable_path/Frameworks @loader_path/Frameworks";
				PRODUCT_BUNDLE_IDENTIFIER = edu.hofstra.Yardley.tapperTests;
				PRODUCT_NAME = "$(TARGET_NAME)";
				TEST_HOST = "$(BUILT_PRODUCTS_DIR)/tapper.app/tapper";
			};
			name = Release;
		};
		319861A31CB5ECD300342F86 /* Debug */ = {
			isa = XCBuildConfiguration;
			buildSettings = {
				INFOPLIST_FILE = tapperUITests/Info.plist;
				LD_RUNPATH_SEARCH_PATHS = "$(inherited) @executable_path/Frameworks @loader_path/Frameworks";
				PRODUCT_BUNDLE_IDENTIFIER = edu.hofstra.Yardley.tapperUITests;
				PRODUCT_NAME = "$(TARGET_NAME)";
				TEST_TARGET_NAME = tapper;
				USES_XCTRUNNER = YES;
			};
			name = Debug;
		};
		319861A41CB5ECD300342F86 /* Release */ = {
			isa = XCBuildConfiguration;
			buildSettings = {
				INFOPLIST_FILE = tapperUITests/Info.plist;
				LD_RUNPATH_SEARCH_PATHS = "$(inherited) @executable_path/Frameworks @loader_path/Frameworks";
				PRODUCT_BUNDLE_IDENTIFIER = edu.hofstra.Yardley.tapperUITests;
				PRODUCT_NAME = "$(TARGET_NAME)";
				TEST_TARGET_NAME = tapper;
				USES_XCTRUNNER = YES;
			};
			name = Release;
		};
/* End XCBuildConfiguration section */

/* Begin XCConfigurationList section */
		3198616F1CB5ECD300342F86 /* Build configuration list for PBXProject "tapper" */ = {
			isa = XCConfigurationList;
			buildConfigurations = (
				3198619A1CB5ECD300342F86 /* Debug */,
				3198619B1CB5ECD300342F86 /* Release */,
			);
			defaultConfigurationIsVisible = 0;
			defaultConfigurationName = Release;
		};
		3198619C1CB5ECD300342F86 /* Build configuration list for PBXNativeTarget "tapper" */ = {
			isa = XCConfigurationList;
			buildConfigurations = (
				3198619D1CB5ECD300342F86 /* Debug */,
				3198619E1CB5ECD300342F86 /* Release */,
			);
			defaultConfigurationIsVisible = 0;
		};
		3198619F1CB5ECD300342F86 /* Build configuration list for PBXNativeTarget "tapperTests" */ = {
			isa = XCConfigurationList;
			buildConfigurations = (
				319861A01CB5ECD300342F86 /* Debug */,
				319861A11CB5ECD300342F86 /* Release */,
			);
			defaultConfigurationIsVisible = 0;
		};
		319861A21CB5ECD300342F86 /* Build configuration list for PBXNativeTarget "tapperUITests" */ = {
			isa = XCConfigurationList;
			buildConfigurations = (
				319861A31CB5ECD300342F86 /* Debug */,
				319861A41CB5ECD300342F86 /* Release */,
			);
			defaultConfigurationIsVisible = 0;
		};
/* End XCConfigurationList section */
	};
	rootObject = 3198616C1CB5ECD300342F86 /* Project object */;
}
